
Microsoft Visual Studio Solution File, Format Version 12.00
# Visual Studio Version 16
VisualStudioVersion = 16.0.30406.217
MinimumVisualStudioVersion = 10.0.40219.1
Project("{FAE04EC0-301F-11D3-BF4B-00C04F79EFBC}") = "Moriyama.ConfigBuilder", "Moriyama.ConfigBuilder.csproj", "{0DB50B96-4956-46E2-9AD1-CD34AC57869E}"
EndProject
Global
	GlobalSection(SolutionConfigurationPlatforms) = preSolution
		Debug|Any CPU = Debug|Any CPU
		Release|Any CPU = Release|Any CPU
	EndGlobalSection
	GlobalSection(ProjectConfigurationPlatforms) = postSolution
		{0DB50B96-4956-46E2-9AD1-CD34AC57869E}.Debug|Any CPU.ActiveCfg = Debug|Any CPU
		{0DB50B96-4956-46E2-9AD1-CD34AC57869E}.Debug|Any CPU.Build.0 = Debug|Any CPU
		{0DB50B96-4956-46E2-9AD1-CD34AC57869E}.Release|Any CPU.ActiveCfg = Release|Any CPU
		{0DB50B96-4956-46E2-9AD1-CD34AC57869E}.Release|Any CPU.Build.0 = Release|Any CPU
	EndGlobalSection
	GlobalSection(SolutionProperties) = preSolution
		HideSolutionNode = FALSE
	EndGlobalSection
	GlobalSection(ExtensibilityGlobals) = postSolution
		SolutionGuid = {7636D11B-F4DE-4194-B145-DDCB7770AC93}
	EndGlobalSection
EndGlobal
